
Microsoft Visual Studio Solution File, Format Version 12.00
# Visual Studio 15
VisualStudioVersion = 15.0.28010.2003
MinimumVisualStudioVersion = 10.0.40219.1
Project("{FAE04EC0-301F-11D3-BF4B-00C04F79EFBC}") = "BartenderApp", "BartenderApp\BartenderApp.csproj", "{AF5F51F5-F285-472A-8EE0-61AD797C8DCD}"
EndProject
Global
	GlobalSection(SolutionConfigurationPlatforms) = preSolution
		Debug|Any CPU = Debug|Any CPU
		Release|Any CPU = Release|Any CPU
	EndGlobalSection
	GlobalSection(ProjectConfigurationPlatforms) = postSolution
		{AF5F51F5-F285-472A-8EE0-61AD797C8DCD}.Debug|Any CPU.ActiveCfg = Debug|Any CPU
		{AF5F51F5-F285-472A-8EE0-61AD797C8DCD}.Debug|Any CPU.Build.0 = Debug|Any CPU
		{AF5F51F5-F285-472A-8EE0-61AD797C8DCD}.Release|Any CPU.ActiveCfg = Release|Any CPU
		{AF5F51F5-F285-472A-8EE0-61AD797C8DCD}.Release|Any CPU.Build.0 = Release|Any CPU
	EndGlobalSection
	GlobalSection(SolutionProperties) = preSolution
		HideSolutionNode = FALSE
	EndGlobalSection
	GlobalSection(ExtensibilityGlobals) = postSolution
		SolutionGuid = {E9506FAC-929F-4665-9456-E4C72C97E562}
	EndGlobalSection
EndGlobal
